
Microsoft Visual Studio Solution File, Format Version 12.00
# Visual Studio Version 17
VisualStudioVersion = 17.8.34330.188
MinimumVisualStudioVersion = 10.0.40219.1
Project("{54435603-DBB4-11D2-8724-00A0C9A8B90C}") = "Elevate", "Elevate\Elevate.vdproj", "{8DF8FAC3-5E93-4E12-AAA7-01CFCF72EE78}"
EndProject
Project("{9A19103F-16F7-4668-BE54-9A1E7A4F7556}") = "MainGUI", "MainGUI\MainGUI.csproj", "{1520AE92-0347-4AF5-9B08-8A65A1445DEF}"
EndProject
Project("{FAE04EC0-301F-11D3-BF4B-00C04F79EFBC}") = "ElevationService", "ElevationService\ElevationService.csproj", "{0A3B52CD-6623-4099-90AF-93A9575305EF}"
EndProject
Project("{8BC9CEB8-8B4A-11D0-8D11-00A0C91BC942}") = "Spawner", "Spawner\Spawner.vcxproj", "{37AE0BB4-0723-47C5-A6EC-BF0048003146}"
EndProject
Project("{9A19103F-16F7-4668-BE54-9A1E7A4F7556}") = "HackGUI", "OtherGUI\HackGUI.csproj", "{093323D8-0BD5-4DA2-93B1-6961339DDF5A}"
EndProject
Project("{9A19103F-16F7-4668-BE54-9A1E7A4F7556}") = "WeakACL", "WeakACL\WeakACL.csproj", "{F669EDAF-22C0-4DDB-A8AF-3AC8372F5FCF}"
EndProject
Project("{9A19103F-16F7-4668-BE54-9A1E7A4F7556}") = "DLLHijacking", "DLLHijacking\DLLHijacking.csproj", "{5984B0E3-79BC-4BE6-AF70-4807C7BF98D7}"
EndProject
Global
	GlobalSection(SolutionConfigurationPlatforms) = preSolution
		Debug|Any CPU = Debug|Any CPU
		Debug|x64 = Debug|x64
		Debug|x86 = Debug|x86
		Release|Any CPU = Release|Any CPU
		Release|x64 = Release|x64
		Release|x86 = Release|x86
	EndGlobalSection
	GlobalSection(ProjectConfigurationPlatforms) = postSolution
		{8DF8FAC3-5E93-4E12-AAA7-01CFCF72EE78}.Debug|Any CPU.ActiveCfg = Debug
		{8DF8FAC3-5E93-4E12-AAA7-01CFCF72EE78}.Debug|Any CPU.Build.0 = Debug
		{8DF8FAC3-5E93-4E12-AAA7-01CFCF72EE78}.Debug|x64.ActiveCfg = Debug
		{8DF8FAC3-5E93-4E12-AAA7-01CFCF72EE78}.Debug|x64.Build.0 = Debug
		{8DF8FAC3-5E93-4E12-AAA7-01CFCF72EE78}.Debug|x86.ActiveCfg = Debug
		{8DF8FAC3-5E93-4E12-AAA7-01CFCF72EE78}.Debug|x86.Build.0 = Debug
		{8DF8FAC3-5E93-4E12-AAA7-01CFCF72EE78}.Release|Any CPU.ActiveCfg = Release
		{8DF8FAC3-5E93-4E12-AAA7-01CFCF72EE78}.Release|Any CPU.Build.0 = Release
		{8DF8FAC3-5E93-4E12-AAA7-01CFCF72EE78}.Release|x64.ActiveCfg = Release
		{8DF8FAC3-5E93-4E12-AAA7-01CFCF72EE78}.Release|x64.Build.0 = Release
		{8DF8FAC3-5E93-4E12-AAA7-01CFCF72EE78}.Release|x86.ActiveCfg = Release
		{8DF8FAC3-5E93-4E12-AAA7-01CFCF72EE78}.Release|x86.Build.0 = Release
		{1520AE92-0347-4AF5-9B08-8A65A1445DEF}.Debug|Any CPU.ActiveCfg = Debug|Any CPU
		{1520AE92-0347-4AF5-9B08-8A65A1445DEF}.Debug|Any CPU.Build.0 = Debug|Any CPU
		{1520AE92-0347-4AF5-9B08-8A65A1445DEF}.Debug|x64.ActiveCfg = Debug|Any CPU
		{1520AE92-0347-4AF5-9B08-8A65A1445DEF}.Debug|x64.Build.0 = Debug|Any CPU
		{1520AE92-0347-4AF5-9B08-8A65A1445DEF}.Debug|x86.ActiveCfg = Debug|Any CPU
		{1520AE92-0347-4AF5-9B08-8A65A1445DEF}.Debug|x86.Build.0 = Debug|Any CPU
		{1520AE92-0347-4AF5-9B08-8A65A1445DEF}.Release|Any CPU.ActiveCfg = Release|Any CPU
		{1520AE92-0347-4AF5-9B08-8A65A1445DEF}.Release|Any CPU.Build.0 = Release|Any CPU
		{1520AE92-0347-4AF5-9B08-8A65A1445DEF}.Release|x64.ActiveCfg = Release|Any CPU
		{1520AE92-0347-4AF5-9B08-8A65A1445DEF}.Release|x64.Build.0 = Release|Any CPU
		{1520AE92-0347-4AF5-9B08-8A65A1445DEF}.Release|x86.ActiveCfg = Release|Any CPU
		{1520AE92-0347-4AF5-9B08-8A65A1445DEF}.Release|x86.Build.0 = Release|Any CPU
		{0A3B52CD-6623-4099-90AF-93A9575305EF}.Debug|Any CPU.ActiveCfg = Debug|Any CPU
		{0A3B52CD-6623-4099-90AF-93A9575305EF}.Debug|Any CPU.Build.0 = Debug|Any CPU
		{0A3B52CD-6623-4099-90AF-93A9575305EF}.Debug|x64.ActiveCfg = Debug|Any CPU
		{0A3B52CD-6623-4099-90AF-93A9575305EF}.Debug|x64.Build.0 = Debug|Any CPU
		{0A3B52CD-6623-4099-90AF-93A9575305EF}.Debug|x86.ActiveCfg = Debug|Any CPU
		{0A3B52CD-6623-4099-90AF-93A9575305EF}.Debug|x86.Build.0 = Debug|Any CPU
		{0A3B52CD-6623-4099-90AF-93A9575305EF}.Release|Any CPU.ActiveCfg = Release|Any CPU
		{0A3B52CD-6623-4099-90AF-93A9575305EF}.Release|Any CPU.Build.0 = Release|Any CPU
		{0A3B52CD-6623-4099-90AF-93A9575305EF}.Release|x64.ActiveCfg = Release|Any CPU
		{0A3B52CD-6623-4099-90AF-93A9575305EF}.Release|x64.Build.0 = Release|Any CPU
		{0A3B52CD-6623-4099-90AF-93A9575305EF}.Release|x86.ActiveCfg = Release|Any CPU
		{0A3B52CD-6623-4099-90AF-93A9575305EF}.Release|x86.Build.0 = Release|Any CPU
		{37AE0BB4-0723-47C5-A6EC-BF0048003146}.Debug|Any CPU.ActiveCfg = Debug|Win32
		{37AE0BB4-0723-47C5-A6EC-BF0048003146}.Debug|x64.ActiveCfg = Debug|x64
		{37AE0BB4-0723-47C5-A6EC-BF0048003146}.Debug|x64.Build.0 = Debug|x64
		{37AE0BB4-0723-47C5-A6EC-BF0048003146}.Debug|x86.ActiveCfg = Debug|Win32
		{37AE0BB4-0723-47C5-A6EC-BF0048003146}.Debug|x86.Build.0 = Debug|Win32
		{37AE0BB4-0723-47C5-A6EC-BF0048003146}.Release|Any CPU.ActiveCfg = Release|Win32
		{37AE0BB4-0723-47C5-A6EC-BF0048003146}.Release|Any CPU.Build.0 = Release|Win32
		{37AE0BB4-0723-47C5-A6EC-BF0048003146}.Release|x64.ActiveCfg = Release|x64
		{37AE0BB4-0723-47C5-A6EC-BF0048003146}.Release|x64.Build.0 = Release|x64
		{37AE0BB4-0723-47C5-A6EC-BF0048003146}.Release|x86.ActiveCfg = Release|Win32
		{37AE0BB4-0723-47C5-A6EC-BF0048003146}.Release|x86.Build.0 = Release|Win32
		{093323D8-0BD5-4DA2-93B1-6961339DDF5A}.Debug|Any CPU.ActiveCfg = Debug|Any CPU
		{093323D8-0BD5-4DA2-93B1-6961339DDF5A}.Debug|Any CPU.Build.0 = Debug|Any CPU
		{093323D8-0BD5-4DA2-93B1-6961339DDF5A}.Debug|x64.ActiveCfg = Debug|Any CPU
		{093323D8-0BD5-4DA2-93B1-6961339DDF5A}.Debug|x64.Build.0 = Debug|Any CPU
		{093323D8-0BD5-4DA2-93B1-6961339DDF5A}.Debug|x86.ActiveCfg = Debug|Any CPU
		{093323D8-0BD5-4DA2-93B1-6961339DDF5A}.Debug|x86.Build.0 = Debug|Any CPU
		{093323D8-0BD5-4DA2-93B1-6961339DDF5A}.Release|Any CPU.ActiveCfg = Release|Any CPU
		{093323D8-0BD5-4DA2-93B1-6961339DDF5A}.Release|Any CPU.Build.0 = Release|Any CPU
		{093323D8-0BD5-4DA2-93B1-6961339DDF5A}.Release|x64.ActiveCfg = Release|Any CPU
		{093323D8-0BD5-4DA2-93B1-6961339DDF5A}.Release|x64.Build.0 = Release|Any CPU
		{093323D8-0BD5-4DA2-93B1-6961339DDF5A}.Release|x86.ActiveCfg = Release|Any CPU
		{093323D8-0BD5-4DA2-93B1-6961339DDF5A}.Release|x86.Build.0 = Release|Any CPU
		{F669EDAF-22C0-4DDB-A8AF-3AC8372F5FCF}.Debug|Any CPU.ActiveCfg = Debug|Any CPU
		{F669EDAF-22C0-4DDB-A8AF-3AC8372F5FCF}.Debug|Any CPU.Build.0 = Debug|Any CPU
		{F669EDAF-22C0-4DDB-A8AF-3AC8372F5FCF}.Debug|x64.ActiveCfg = Debug|Any CPU
		{F669EDAF-22C0-4DDB-A8AF-3AC8372F5FCF}.Debug|x64.Build.0 = Debug|Any CPU
		{F669EDAF-22C0-4DDB-A8AF-3AC8372F5FCF}.Debug|x86.ActiveCfg = Debug|Any CPU
		{F669EDAF-22C0-4DDB-A8AF-3AC8372F5FCF}.Debug|x86.Build.0 = Debug|Any CPU
		{F669EDAF-22C0-4DDB-A8AF-3AC8372F5FCF}.Release|Any CPU.ActiveCfg = Release|Any CPU
		{F669EDAF-22C0-4DDB-A8AF-3AC8372F5FCF}.Release|Any CPU.Build.0 = Release|Any CPU
		{F669EDAF-22C0-4DDB-A8AF-3AC8372F5FCF}.Release|x64.ActiveCfg = Release|Any CPU
		{F669EDAF-22C0-4DDB-A8AF-3AC8372F5FCF}.Release|x64.Build.0 = Release|Any CPU
		{F669EDAF-22C0-4DDB-A8AF-3AC8372F5FCF}.Release|x86.ActiveCfg = Release|Any CPU
		{F669EDAF-22C0-4DDB-A8AF-3AC8372F5FCF}.Release|x86.Build.0 = Release|Any CPU
		{5984B0E3-79BC-4BE6-AF70-4807C7BF98D7}.Debug|Any CPU.ActiveCfg = Debug|Any CPU
		{5984B0E3-79BC-4BE6-AF70-4807C7BF98D7}.Debug|Any CPU.Build.0 = Debug|Any CPU
		{5984B0E3-79BC-4BE6-AF70-4807C7BF98D7}.Debug|x64.ActiveCfg = Debug|Any CPU
		{5984B0E3-79BC-4BE6-AF70-4807C7BF98D7}.Debug|x64.Build.0 = Debug|Any CPU
		{5984B0E3-79BC-4BE6-AF70-4807C7BF98D7}.Debug|x86.ActiveCfg = Debug|Any CPU
		{5984B0E3-79BC-4BE6-AF70-4807C7BF98D7}.Debug|x86.Build.0 = Debug|Any CPU
		{5984B0E3-79BC-4BE6-AF70-4807C7BF98D7}.Release|Any CPU.ActiveCfg = Release|Any CPU
		{5984B0E3-79BC-4BE6-AF70-4807C7BF98D7}.Release|Any CPU.Build.0 = Release|Any CPU
		{5984B0E3-79BC-4BE6-AF70-4807C7BF98D7}.Release|x64.ActiveCfg = Release|Any CPU
		{5984B0E3-79BC-4BE6-AF70-4807C7BF98D7}.Release|x64.Build.0 = Release|Any CPU
		{5984B0E3-79BC-4BE6-AF70-4807C7BF98D7}.Release|x86.ActiveCfg = Release|Any CPU
		{5984B0E3-79BC-4BE6-AF70-4807C7BF98D7}.Release|x86.Build.0 = Release|Any CPU
	EndGlobalSection
	GlobalSection(SolutionProperties) = preSolution
		HideSolutionNode = FALSE
	EndGlobalSection
	GlobalSection(ExtensibilityGlobals) = postSolution
		SolutionGuid = {633E38BC-449F-4EB8-952D-2D716DB137F5}
	EndGlobalSection
EndGlobal
